Microsoft Visual Studio Solution File, Format Version 12.00
# Visual Studio Version 17
VisualStudioVersion = 17.5.2.0
MinimumVisualStudioVersion = 10.0.40219.1
Project("{FAE04EC0-301F-11D3-BF4B-00C04F79EFBC}") = "EtherCatMqttGateway", "EtherCatMqttGateway\EtherCatMqttGateway.csproj", "{9104FC5B-BC2D-B1C5-1F8D-AEEA58F60471}"
EndProject
Global
	GlobalSection(SolutionConfigurationPlatforms) = preSolution
		Debug|Any CPU = Debug|Any CPU
		Release|Any CPU = Release|Any CPU
	EndGlobalSection
	GlobalSection(ProjectConfigurationPlatforms) = postSolution
		{9104FC5B-BC2D-B1C5-1F8D-AEEA58F60471}.Debug|Any CPU.ActiveCfg = Debug|Any CPU
		{9104FC5B-BC2D-B1C5-1F8D-AEEA58F60471}.Debug|Any CPU.Build.0 = Debug|Any CPU
		{9104FC5B-BC2D-B1C5-1F8D-AEEA58F60471}.Release|Any CPU.ActiveCfg = Release|Any CPU
		{9104FC5B-BC2D-B1C5-1F8D-AEEA58F60471}.Release|Any CPU.Build.0 = Release|Any CPU
	EndGlobalSection
	GlobalSection(SolutionProperties) = preSolution
		HideSolutionNode = FALSE
	EndGlobalSection
	GlobalSection(ExtensibilityGlobals) = postSolution
		SolutionGuid = {C46E0118-8B05-4DA2-BDA4-73660B38DAC0}
	EndGlobalSection
EndGlobal
